
Microsoft Visual Studio Solution File, Format Version 12.00
# Visual Studio Version 17
VisualStudioVersion = 17.5.002.0
MinimumVisualStudioVersion = 10.0.40219.1
Project("{9A19103F-16F7-4668-BE54-9A1E7A4F7556}") = "Galaga", "Galaga\Galaga.csproj", "{4402BBA9-1879-43A2-8130-A7D1270E7A36}"
EndProject
Project("{FAE04EC0-301F-11D3-BF4B-00C04F79EFBC}") = "StudentStructHW20", "StudentStructHW20\StudentStructHW20.csproj", "{E3E31A98-1FAA-4A22-B591-47231CAF24FE}"
EndProject
Project("{FAE04EC0-301F-11D3-BF4B-00C04F79EFBC}") = "20240614_Lesson23", "20240614_Lesson23\20240614_Lesson23.csproj", "{B3DAF441-77A0-4857-9242-392099CDE62E}"
EndProject
Project("{FAE04EC0-301F-11D3-BF4B-00C04F79EFBC}") = "20240618_Lesson25Class", "20240618_Lesson25Class\20240618_Lesson25Class.csproj", "{E2FAF677-FD8D-4C3C-9CF4-7BFA9C1669A1}"
EndProject
Project("{FAE04EC0-301F-11D3-BF4B-00C04F79EFBC}") = "20240621_Singletone", "20240621_Singletone\20240621_Singletone.csproj", "{B4206A75-9537-4CAD-B712-D8E2B9AD0962}"
EndProject
Project("{FAE04EC0-301F-11D3-BF4B-00C04F79EFBC}") = "20240625_LessonOperationOverloading", "20240625_LessonOperationOverloading\20240625_LessonOperationOverloading.csproj", "{2AF34899-6C90-44BC-850B-23D790867BF9}"
EndProject
Project("{FAE04EC0-301F-11D3-BF4B-00C04F79EFBC}") = "20240628_HW26", "20240628_HW26\20240628_HW26.csproj", "{3F4183E9-0AC1-4AD2-B800-1428FAC1F560}"
EndProject
Project("{FAE04EC0-301F-11D3-BF4B-00C04F79EFBC}") = "20240628_Lesson_Inheritance", "20240628_Lesson_Inheritance\20240628_Lesson_Inheritance.csproj", "{E3510533-11BC-47F1-8272-1F7C9B1776A9}"
EndProject
Project("{FAE04EC0-301F-11D3-BF4B-00C04F79EFBC}") = "20240701_HW_Inheritence", "20240701_HW_Inheritence\20240701_HW_Inheritence.csproj", "{62D383E9-85B4-4E98-8376-8DB69F9908B7}"
EndProject
Project("{FAE04EC0-301F-11D3-BF4B-00C04F79EFBC}") = "20240701_Lesson_Inheritance", "20240701_Lesson_Inheritance\20240701_Lesson_Inheritance.csproj", "{DE5804E0-DD9C-48E3-A2CF-F62BBC2B65EA}"
EndProject
Project("{FAE04EC0-301F-11D3-BF4B-00C04F79EFBC}") = "20240708_Potlymorphism", "20240708_Potlymorphism\20240708_Potlymorphism.csproj", "{B5F8BABA-B1D3-4300-8744-93150C826B9D}"
EndProject
Project("{FAE04EC0-301F-11D3-BF4B-00C04F79EFBC}") = "20240719_Lesson_interface", "20240719_Lesson_interface\20240719_Lesson_interface.csproj", "{4FD6BB6A-E09F-4168-B5CD-F83BC1518250}"
EndProject
Project("{FAE04EC0-301F-11D3-BF4B-00C04F79EFBC}") = "20240722_Lesson_BoxingUnboxing", "20240722_Lesson_BoxingUnboxing\20240722_Lesson_BoxingUnboxing.csproj", "{9F5CF335-1731-4CC4-B09E-B903BB1A7FC4}"
EndProject
Project("{FAE04EC0-301F-11D3-BF4B-00C04F79EFBC}") = "20240723_HW_Stack", "20240723_HW_Stack\20240723_HW_Stack.csproj", "{E91BF8D8-20EF-460C-8813-6C91D916CD2D}"
EndProject
Project("{FAE04EC0-301F-11D3-BF4B-00C04F79EFBC}") = "20240726_Lesson_SdrInterfaces", "20240726_Lesson_SdrInterfaces\20240726_Lesson_SdrInterfaces.csproj", "{7ADDA706-F103-4E81-AE9F-AD6C857D3EDD}"
EndProject
Project("{FAE04EC0-301F-11D3-BF4B-00C04F79EFBC}") = "20240729_Lesson_Iterator", "20240729_Lesson_Iterator\20240729_Lesson_Iterator.csproj", "{09D19C57-77CB-4CE5-8FFC-C3C948471A53}"
EndProject
Project("{FAE04EC0-301F-11D3-BF4B-00C04F79EFBC}") = "20240807_HW_Exceptions", "20240807_HW_Exceptions\20240807_HW_Exceptions.csproj", "{0B8805E8-214A-4791-9ECC-99C64DF49460}"
EndProject
Project("{FAE04EC0-301F-11D3-BF4B-00C04F79EFBC}") = "OceanLife", "OceanLife\OceanLife.csproj", "{02171E05-8212-4129-943C-FE662A69B4C5}"
EndProject
Project("{FAE04EC0-301F-11D3-BF4B-00C04F79EFBC}") = "20240813_Lesson_Lib", "20240813_Lesson_Lib\20240813_Lesson_Lib.csproj", "{CBC78798-C9B6-4413-8FFF-966F406FD748}"
EndProject
Project("{FAE04EC0-301F-11D3-BF4B-00C04F79EFBC}") = "MyClassTest", "MyClassTest\MyClassTest.csproj", "{68DA4214-1889-4A84-B8EC-2D03C896C919}"
EndProject
Project("{FAE04EC0-301F-11D3-BF4B-00C04F79EFBC}") = "20240812_Lesson_ExceptionIII", "20240812_Lesson_ExceptionIII\20240812_Lesson_ExceptionIII.csproj", "{E404557F-1B1C-4D80-BF2D-56E64FAE6F4F}"
EndProject
Project("{FAE04EC0-301F-11D3-BF4B-00C04F79EFBC}") = "CalculatorLib", "CalculatorLib\CalculatorLib.csproj", "{D23BF743-8302-42FE-A5C8-83C6835C83C7}"
EndProject
Project("{FAE04EC0-301F-11D3-BF4B-00C04F79EFBC}") = "20240820_HW_Delegate", "20240820_HW_Delegate\20240820_HW_Delegate.csproj", "{CEFE43E1-F883-4AC5-9671-BB49D8C2A72B}"
EndProject
Project("{FAE04EC0-301F-11D3-BF4B-00C04F79EFBC}") = "20240823_Lesson_Publisher", "20240823_Lesson_Publisher\20240823_Lesson_Publisher.csproj", "{19C53BEA-008C-4C56-9EDD-B0D61616F0DD}"
EndProject
Global
	GlobalSection(SolutionConfigurationPlatforms) = preSolution
		Debug|Any CPU = Debug|Any CPU
		Release|Any CPU = Release|Any CPU
	EndGlobalSection
	GlobalSection(ProjectConfigurationPlatforms) = postSolution
		{4402BBA9-1879-43A2-8130-A7D1270E7A36}.Debug|Any CPU.ActiveCfg = Debug|Any CPU
		{4402BBA9-1879-43A2-8130-A7D1270E7A36}.Debug|Any CPU.Build.0 = Debug|Any CPU
		{4402BBA9-1879-43A2-8130-A7D1270E7A36}.Release|Any CPU.ActiveCfg = Release|Any CPU
		{4402BBA9-1879-43A2-8130-A7D1270E7A36}.Release|Any CPU.Build.0 = Release|Any CPU
		{E3E31A98-1FAA-4A22-B591-47231CAF24FE}.Debug|Any CPU.ActiveCfg = Debug|Any CPU
		{E3E31A98-1FAA-4A22-B591-47231CAF24FE}.Debug|Any CPU.Build.0 = Debug|Any CPU
		{E3E31A98-1FAA-4A22-B591-47231CAF24FE}.Release|Any CPU.ActiveCfg = Release|Any CPU
		{E3E31A98-1FAA-4A22-B591-47231CAF24FE}.Release|Any CPU.Build.0 = Release|Any CPU
		{B3DAF441-77A0-4857-9242-392099CDE62E}.Debug|Any CPU.ActiveCfg = Debug|Any CPU
		{B3DAF441-77A0-4857-9242-392099CDE62E}.Debug|Any CPU.Build.0 = Debug|Any CPU
		{B3DAF441-77A0-4857-9242-392099CDE62E}.Release|Any CPU.ActiveCfg = Release|Any CPU
		{B3DAF441-77A0-4857-9242-392099CDE62E}.Release|Any CPU.Build.0 = Release|Any CPU
		{E2FAF677-FD8D-4C3C-9CF4-7BFA9C1669A1}.Debug|Any CPU.ActiveCfg = Debug|Any CPU
		{E2FAF677-FD8D-4C3C-9CF4-7BFA9C1669A1}.Debug|Any CPU.Build.0 = Debug|Any CPU
		{E2FAF677-FD8D-4C3C-9CF4-7BFA9C1669A1}.Release|Any CPU.ActiveCfg = Release|Any CPU
		{E2FAF677-FD8D-4C3C-9CF4-7BFA9C1669A1}.Release|Any CPU.Build.0 = Release|Any CPU
		{B4206A75-9537-4CAD-B712-D8E2B9AD0962}.Debug|Any CPU.ActiveCfg = Debug|Any CPU
		{B4206A75-9537-4CAD-B712-D8E2B9AD0962}.Debug|Any CPU.Build.0 = Debug|Any CPU
		{B4206A75-9537-4CAD-B712-D8E2B9AD0962}.Release|Any CPU.ActiveCfg = Release|Any CPU
		{B4206A75-9537-4CAD-B712-D8E2B9AD0962}.Release|Any CPU.Build.0 = Release|Any CPU
		{2AF34899-6C90-44BC-850B-23D790867BF9}.Debug|Any CPU.ActiveCfg = Debug|Any CPU
		{2AF34899-6C90-44BC-850B-23D790867BF9}.Debug|Any CPU.Build.0 = Debug|Any CPU
		{2AF34899-6C90-44BC-850B-23D790867BF9}.Release|Any CPU.ActiveCfg = Release|Any CPU
		{2AF34899-6C90-44BC-850B-23D790867BF9}.Release|Any CPU.Build.0 = Release|Any CPU
		{3F4183E9-0AC1-4AD2-B800-1428FAC1F560}.Debug|Any CPU.ActiveCfg = Debug|Any CPU
		{3F4183E9-0AC1-4AD2-B800-1428FAC1F560}.Debug|Any CPU.Build.0 = Debug|Any CPU
		{3F4183E9-0AC1-4AD2-B800-1428FAC1F560}.Release|Any CPU.ActiveCfg = Release|Any CPU
		{3F4183E9-0AC1-4AD2-B800-1428FAC1F560}.Release|Any CPU.Build.0 = Release|Any CPU
		{E3510533-11BC-47F1-8272-1F7C9B1776A9}.Debug|Any CPU.ActiveCfg = Debug|Any CPU
		{E3510533-11BC-47F1-8272-1F7C9B1776A9}.Debug|Any CPU.Build.0 = Debug|Any CPU
		{E3510533-11BC-47F1-8272-1F7C9B1776A9}.Release|Any CPU.ActiveCfg = Release|Any CPU
		{E3510533-11BC-47F1-8272-1F7C9B1776A9}.Release|Any CPU.Build.0 = Release|Any CPU
		{62D383E9-85B4-4E98-8376-8DB69F9908B7}.Debug|Any CPU.ActiveCfg = Debug|Any CPU
		{62D383E9-85B4-4E98-8376-8DB69F9908B7}.Debug|Any CPU.Build.0 = Debug|Any CPU
		{62D383E9-85B4-4E98-8376-8DB69F9908B7}.Release|Any CPU.ActiveCfg = Release|Any CPU
		{62D383E9-85B4-4E98-8376-8DB69F9908B7}.Release|Any CPU.Build.0 = Release|Any CPU
		{DE5804E0-DD9C-48E3-A2CF-F62BBC2B65EA}.Debug|Any CPU.ActiveCfg = Debug|Any CPU
		{DE5804E0-DD9C-48E3-A2CF-F62BBC2B65EA}.Debug|Any CPU.Build.0 = Debug|Any CPU
		{DE5804E0-DD9C-48E3-A2CF-F62BBC2B65EA}.Release|Any CPU.ActiveCfg = Release|Any CPU
		{DE5804E0-DD9C-48E3-A2CF-F62BBC2B65EA}.Release|Any CPU.Build.0 = Release|Any CPU
		{B5F8BABA-B1D3-4300-8744-93150C826B9D}.Debug|Any CPU.ActiveCfg = Debug|Any CPU
		{B5F8BABA-B1D3-4300-8744-93150C826B9D}.Debug|Any CPU.Build.0 = Debug|Any CPU
		{B5F8BABA-B1D3-4300-8744-93150C826B9D}.Release|Any CPU.ActiveCfg = Release|Any CPU
		{B5F8BABA-B1D3-4300-8744-93150C826B9D}.Release|Any CPU.Build.0 = Release|Any CPU
		{4FD6BB6A-E09F-4168-B5CD-F83BC1518250}.Debug|Any CPU.ActiveCfg = Debug|Any CPU
		{4FD6BB6A-E09F-4168-B5CD-F83BC1518250}.Debug|Any CPU.Build.0 = Debug|Any CPU
		{4FD6BB6A-E09F-4168-B5CD-F83BC1518250}.Release|Any CPU.ActiveCfg = Release|Any CPU
		{4FD6BB6A-E09F-4168-B5CD-F83BC1518250}.Release|Any CPU.Build.0 = Release|Any CPU
		{9F5CF335-1731-4CC4-B09E-B903BB1A7FC4}.Debug|Any CPU.ActiveCfg = Debug|Any CPU
		{9F5CF335-1731-4CC4-B09E-B903BB1A7FC4}.Debug|Any CPU.Build.0 = Debug|Any CPU
		{9F5CF335-1731-4CC4-B09E-B903BB1A7FC4}.Release|Any CPU.ActiveCfg = Release|Any CPU
		{9F5CF335-1731-4CC4-B09E-B903BB1A7FC4}.Release|Any CPU.Build.0 = Release|Any CPU
		{E91BF8D8-20EF-460C-8813-6C91D916CD2D}.Debug|Any CPU.ActiveCfg = Debug|Any CPU
		{E91BF8D8-20EF-460C-8813-6C91D916CD2D}.Debug|Any CPU.Build.0 = Debug|Any CPU
		{E91BF8D8-20EF-460C-8813-6C91D916CD2D}.Release|Any CPU.ActiveCfg = Release|Any CPU
		{E91BF8D8-20EF-460C-8813-6C91D916CD2D}.Release|Any CPU.Build.0 = Release|Any CPU
		{7ADDA706-F103-4E81-AE9F-AD6C857D3EDD}.Debug|Any CPU.ActiveCfg = Debug|Any CPU
		{7ADDA706-F103-4E81-AE9F-AD6C857D3EDD}.Debug|Any CPU.Build.0 = Debug|Any CPU
		{7ADDA706-F103-4E81-AE9F-AD6C857D3EDD}.Release|Any CPU.ActiveCfg = Release|Any CPU
		{7ADDA706-F103-4E81-AE9F-AD6C857D3EDD}.Release|Any CPU.Build.0 = Release|Any CPU
		{09D19C57-77CB-4CE5-8FFC-C3C948471A53}.Debug|Any CPU.ActiveCfg = Debug|Any CPU
		{09D19C57-77CB-4CE5-8FFC-C3C948471A53}.Debug|Any CPU.Build.0 = Debug|Any CPU
		{09D19C57-77CB-4CE5-8FFC-C3C948471A53}.Release|Any CPU.ActiveCfg = Release|Any CPU
		{09D19C57-77CB-4CE5-8FFC-C3C948471A53}.Release|Any CPU.Build.0 = Release|Any CPU
		{0B8805E8-214A-4791-9ECC-99C64DF49460}.Debug|Any CPU.ActiveCfg = Debug|Any CPU
		{0B8805E8-214A-4791-9ECC-99C64DF49460}.Debug|Any CPU.Build.0 = Debug|Any CPU
		{0B8805E8-214A-4791-9ECC-99C64DF49460}.Release|Any CPU.ActiveCfg = Release|Any CPU
		{0B8805E8-214A-4791-9ECC-99C64DF49460}.Release|Any CPU.Build.0 = Release|Any CPU
		{02171E05-8212-4129-943C-FE662A69B4C5}.Debug|Any CPU.ActiveCfg = Debug|Any CPU
		{02171E05-8212-4129-943C-FE662A69B4C5}.Debug|Any CPU.Build.0 = Debug|Any CPU
		{02171E05-8212-4129-943C-FE662A69B4C5}.Release|Any CPU.ActiveCfg = Release|Any CPU
		{02171E05-8212-4129-943C-FE662A69B4C5}.Release|Any CPU.Build.0 = Release|Any CPU
		{CBC78798-C9B6-4413-8FFF-966F406FD748}.Debug|Any CPU.ActiveCfg = Debug|Any CPU
		{CBC78798-C9B6-4413-8FFF-966F406FD748}.Debug|Any CPU.Build.0 = Debug|Any CPU
		{CBC78798-C9B6-4413-8FFF-966F406FD748}.Release|Any CPU.ActiveCfg = Release|Any CPU
		{CBC78798-C9B6-4413-8FFF-966F406FD748}.Release|Any CPU.Build.0 = Release|Any CPU
		{68DA4214-1889-4A84-B8EC-2D03C896C919}.Debug|Any CPU.ActiveCfg = Debug|Any CPU
		{68DA4214-1889-4A84-B8EC-2D03C896C919}.Debug|Any CPU.Build.0 = Debug|Any CPU
		{68DA4214-1889-4A84-B8EC-2D03C896C919}.Release|Any CPU.ActiveCfg = Release|Any CPU
		{68DA4214-1889-4A84-B8EC-2D03C896C919}.Release|Any CPU.Build.0 = Release|Any CPU
		{E404557F-1B1C-4D80-BF2D-56E64FAE6F4F}.Debug|Any CPU.ActiveCfg = Debug|Any CPU
		{E404557F-1B1C-4D80-BF2D-56E64FAE6F4F}.Debug|Any CPU.Build.0 = Debug|Any CPU
		{E404557F-1B1C-4D80-BF2D-56E64FAE6F4F}.Release|Any CPU.ActiveCfg = Release|Any CPU
		{E404557F-1B1C-4D80-BF2D-56E64FAE6F4F}.Release|Any CPU.Build.0 = Release|Any CPU
		{D23BF743-8302-42FE-A5C8-83C6835C83C7}.Debug|Any CPU.ActiveCfg = Debug|Any CPU
		{D23BF743-8302-42FE-A5C8-83C6835C83C7}.Debug|Any CPU.Build.0 = Debug|Any CPU
		{D23BF743-8302-42FE-A5C8-83C6835C83C7}.Release|Any CPU.ActiveCfg = Release|Any CPU
		{D23BF743-8302-42FE-A5C8-83C6835C83C7}.Release|Any CPU.Build.0 = Release|Any CPU
		{CEFE43E1-F883-4AC5-9671-BB49D8C2A72B}.Debug|Any CPU.ActiveCfg = Debug|Any CPU
		{CEFE43E1-F883-4AC5-9671-BB49D8C2A72B}.Debug|Any CPU.Build.0 = Debug|Any CPU
		{CEFE43E1-F883-4AC5-9671-BB49D8C2A72B}.Release|Any CPU.ActiveCfg = Release|Any CPU
		{CEFE43E1-F883-4AC5-9671-BB49D8C2A72B}.Release|Any CPU.Build.0 = Release|Any CPU
		{D156E8A9-0993-423A-83E1-222FF042743F}.Debug|Any CPU.ActiveCfg = Debug|Any CPU
		{D156E8A9-0993-423A-83E1-222FF042743F}.Debug|Any CPU.Build.0 = Debug|Any CPU
		{D156E8A9-0993-423A-83E1-222FF042743F}.Release|Any CPU.ActiveCfg = Release|Any CPU
		{D156E8A9-0993-423A-83E1-222FF042743F}.Release|Any CPU.Build.0 = Release|Any CPU
		{19C53BEA-008C-4C56-9EDD-B0D61616F0DD}.Debug|Any CPU.ActiveCfg = Debug|Any CPU
		{19C53BEA-008C-4C56-9EDD-B0D61616F0DD}.Debug|Any CPU.Build.0 = Debug|Any CPU
		{19C53BEA-008C-4C56-9EDD-B0D61616F0DD}.Release|Any CPU.ActiveCfg = Release|Any CPU
		{19C53BEA-008C-4C56-9EDD-B0D61616F0DD}.Release|Any CPU.Build.0 = Release|Any CPU
	EndGlobalSection
	GlobalSection(SolutionProperties) = preSolution
		HideSolutionNode = FALSE
	EndGlobalSection
	GlobalSection(ExtensibilityGlobals) = postSolution
		SolutionGuid = {250F7240-1CC1-4053-969E-A7BB9DB15542}
	EndGlobalSection
EndGlobal
