
Microsoft Visual Studio Solution File, Format Version 12.00
# Visual Studio Version 17
VisualStudioVersion = 17.5.002.0
MinimumVisualStudioVersion = 10.0.40219.1
Project("{9A19103F-16F7-4668-BE54-9A1E7A4F7556}") = "Galaga", "Galaga\Galaga.csproj", "{4402BBA9-1879-43A2-8130-A7D1270E7A36}"
EndProject
Project("{FAE04EC0-301F-11D3-BF4B-00C04F79EFBC}") = "StudentStructHW20", "StudentStructHW20\StudentStructHW20.csproj", "{E3E31A98-1FAA-4A22-B591-47231CAF24FE}"
EndProject
Project("{FAE04EC0-301F-11D3-BF4B-00C04F79EFBC}") = "20240614_Lesson23", "20240614_Lesson23\20240614_Lesson23.csproj", "{B3DAF441-77A0-4857-9242-392099CDE62E}"
EndProject
Project("{FAE04EC0-301F-11D3-BF4B-00C04F79EFBC}") = "20240618_Lesson25Class", "20240618_Lesson25Class\20240618_Lesson25Class.csproj", "{E2FAF677-FD8D-4C3C-9CF4-7BFA9C1669A1}"
EndProject
Project("{FAE04EC0-301F-11D3-BF4B-00C04F79EFBC}") = "20240621_Singletone", "20240621_Singletone\20240621_Singletone.csproj", "{B4206A75-9537-4CAD-B712-D8E2B9AD0962}"
EndProject
Project("{FAE04EC0-301F-11D3-BF4B-00C04F79EFBC}") = "20240625_LessonOperationOverloading", "20240625_LessonOperationOverloading\20240625_LessonOperationOverloading.csproj", "{2AF34899-6C90-44BC-850B-23D790867BF9}"
EndProject
Project("{FAE04EC0-301F-11D3-BF4B-00C04F79EFBC}") = "20240628_HW26", "20240628_HW26\20240628_HW26.csproj", "{3F4183E9-0AC1-4AD2-B800-1428FAC1F560}"
EndProject
Project("{FAE04EC0-301F-11D3-BF4B-00C04F79EFBC}") = "20240628_Lesson_Inheritance", "20240628_Lesson_Inheritance\20240628_Lesson_Inheritance.csproj", "{E3510533-11BC-47F1-8272-1F7C9B1776A9}"
EndProject
Project("{FAE04EC0-301F-11D3-BF4B-00C04F79EFBC}") = "20240701_HW_Inheritence", "20240701_HW_Inheritence\20240701_HW_Inheritence.csproj", "{62D383E9-85B4-4E98-8376-8DB69F9908B7}"
EndProject
Project("{FAE04EC0-301F-11D3-BF4B-00C04F79EFBC}") = "20240701_Lesson_Inheritance", "20240701_Lesson_Inheritance\20240701_Lesson_Inheritance.csproj", "{DE5804E0-DD9C-48E3-A2CF-F62BBC2B65EA}"
EndProject
Global
	GlobalSection(SolutionConfigurationPlatforms) = preSolution
		Debug|Any CPU = Debug|Any CPU
		Release|Any CPU = Release|Any CPU
	EndGlobalSection
	GlobalSection(ProjectConfigurationPlatforms) = postSolution
		{4402BBA9-1879-43A2-8130-A7D1270E7A36}.Debug|Any CPU.ActiveCfg = Debug|Any CPU
		{4402BBA9-1879-43A2-8130-A7D1270E7A36}.Debug|Any CPU.Build.0 = Debug|Any CPU
		{4402BBA9-1879-43A2-8130-A7D1270E7A36}.Release|Any CPU.ActiveCfg = Release|Any CPU
		{4402BBA9-1879-43A2-8130-A7D1270E7A36}.Release|Any CPU.Build.0 = Release|Any CPU
		{E3E31A98-1FAA-4A22-B591-47231CAF24FE}.Debug|Any CPU.ActiveCfg = Debug|Any CPU
		{E3E31A98-1FAA-4A22-B591-47231CAF24FE}.Debug|Any CPU.Build.0 = Debug|Any CPU
		{E3E31A98-1FAA-4A22-B591-47231CAF24FE}.Release|Any CPU.ActiveCfg = Release|Any CPU
		{E3E31A98-1FAA-4A22-B591-47231CAF24FE}.Release|Any CPU.Build.0 = Release|Any CPU
		{B3DAF441-77A0-4857-9242-392099CDE62E}.Debug|Any CPU.ActiveCfg = Debug|Any CPU
		{B3DAF441-77A0-4857-9242-392099CDE62E}.Debug|Any CPU.Build.0 = Debug|Any CPU
		{B3DAF441-77A0-4857-9242-392099CDE62E}.Release|Any CPU.ActiveCfg = Release|Any CPU
		{B3DAF441-77A0-4857-9242-392099CDE62E}.Release|Any CPU.Build.0 = Release|Any CPU
		{E2FAF677-FD8D-4C3C-9CF4-7BFA9C1669A1}.Debug|Any CPU.ActiveCfg = Debug|Any CPU
		{E2FAF677-FD8D-4C3C-9CF4-7BFA9C1669A1}.Debug|Any CPU.Build.0 = Debug|Any CPU
		{E2FAF677-FD8D-4C3C-9CF4-7BFA9C1669A1}.Release|Any CPU.ActiveCfg = Release|Any CPU
		{E2FAF677-FD8D-4C3C-9CF4-7BFA9C1669A1}.Release|Any CPU.Build.0 = Release|Any CPU
		{B4206A75-9537-4CAD-B712-D8E2B9AD0962}.Debug|Any CPU.ActiveCfg = Debug|Any CPU
		{B4206A75-9537-4CAD-B712-D8E2B9AD0962}.Debug|Any CPU.Build.0 = Debug|Any CPU
		{B4206A75-9537-4CAD-B712-D8E2B9AD0962}.Release|Any CPU.ActiveCfg = Release|Any CPU
		{B4206A75-9537-4CAD-B712-D8E2B9AD0962}.Release|Any CPU.Build.0 = Release|Any CPU
		{2AF34899-6C90-44BC-850B-23D790867BF9}.Debug|Any CPU.ActiveCfg = Debug|Any CPU
		{2AF34899-6C90-44BC-850B-23D790867BF9}.Debug|Any CPU.Build.0 = Debug|Any CPU
		{2AF34899-6C90-44BC-850B-23D790867BF9}.Release|Any CPU.ActiveCfg = Release|Any CPU
		{2AF34899-6C90-44BC-850B-23D790867BF9}.Release|Any CPU.Build.0 = Release|Any CPU
		{3F4183E9-0AC1-4AD2-B800-1428FAC1F560}.Debug|Any CPU.ActiveCfg = Debug|Any CPU
		{3F4183E9-0AC1-4AD2-B800-1428FAC1F560}.Debug|Any CPU.Build.0 = Debug|Any CPU
		{3F4183E9-0AC1-4AD2-B800-1428FAC1F560}.Release|Any CPU.ActiveCfg = Release|Any CPU
		{3F4183E9-0AC1-4AD2-B800-1428FAC1F560}.Release|Any CPU.Build.0 = Release|Any CPU
		{E3510533-11BC-47F1-8272-1F7C9B1776A9}.Debug|Any CPU.ActiveCfg = Debug|Any CPU
		{E3510533-11BC-47F1-8272-1F7C9B1776A9}.Debug|Any CPU.Build.0 = Debug|Any CPU
		{E3510533-11BC-47F1-8272-1F7C9B1776A9}.Release|Any CPU.ActiveCfg = Release|Any CPU
		{E3510533-11BC-47F1-8272-1F7C9B1776A9}.Release|Any CPU.Build.0 = Release|Any CPU
		{62D383E9-85B4-4E98-8376-8DB69F9908B7}.Debug|Any CPU.ActiveCfg = Debug|Any CPU
		{62D383E9-85B4-4E98-8376-8DB69F9908B7}.Debug|Any CPU.Build.0 = Debug|Any CPU
		{62D383E9-85B4-4E98-8376-8DB69F9908B7}.Release|Any CPU.ActiveCfg = Release|Any CPU
		{62D383E9-85B4-4E98-8376-8DB69F9908B7}.Release|Any CPU.Build.0 = Release|Any CPU
		{DE5804E0-DD9C-48E3-A2CF-F62BBC2B65EA}.Debug|Any CPU.ActiveCfg = Debug|Any CPU
		{DE5804E0-DD9C-48E3-A2CF-F62BBC2B65EA}.Debug|Any CPU.Build.0 = Debug|Any CPU
		{DE5804E0-DD9C-48E3-A2CF-F62BBC2B65EA}.Release|Any CPU.ActiveCfg = Release|Any CPU
		{DE5804E0-DD9C-48E3-A2CF-F62BBC2B65EA}.Release|Any CPU.Build.0 = Release|Any CPU
	EndGlobalSection
	GlobalSection(SolutionProperties) = preSolution
		HideSolutionNode = FALSE
	EndGlobalSection
	GlobalSection(ExtensibilityGlobals) = postSolution
		SolutionGuid = {250F7240-1CC1-4053-969E-A7BB9DB15542}
	EndGlobalSection
EndGlobal
