
Microsoft Visual Studio Solution File, Format Version 12.00
# Visual Studio Version 17
VisualStudioVersion = 17.6.33815.320
MinimumVisualStudioVersion = 10.0.40219.1
Project("{FAE04EC0-301F-11D3-BF4B-00C04F79EFBC}") = "20240816_DelegatesDemo", "20240816_DelegatesDemo.csproj", "{E5FBCFC0-8303-4D16-A11C-5A98FE2F510A}"
EndProject
Global
	GlobalSection(SolutionConfigurationPlatforms) = preSolution
		Debug|Any CPU = Debug|Any CPU
		Release|Any CPU = Release|Any CPU
	EndGlobalSection
	GlobalSection(ProjectConfigurationPlatforms) = postSolution
		{E5FBCFC0-8303-4D16-A11C-5A98FE2F510A}.Debug|Any CPU.ActiveCfg = Debug|Any CPU
		{E5FBCFC0-8303-4D16-A11C-5A98FE2F510A}.Debug|Any CPU.Build.0 = Debug|Any CPU
		{E5FBCFC0-8303-4D16-A11C-5A98FE2F510A}.Release|Any CPU.ActiveCfg = Release|Any CPU
		{E5FBCFC0-8303-4D16-A11C-5A98FE2F510A}.Release|Any CPU.Build.0 = Release|Any CPU
	EndGlobalSection
	GlobalSection(SolutionProperties) = preSolution
		HideSolutionNode = FALSE
	EndGlobalSection
	GlobalSection(ExtensibilityGlobals) = postSolution
		SolutionGuid = {2E1B7292-997D-480D-8524-895AF30E98B8}
	EndGlobalSection
EndGlobal
